
Microsoft Visual Studio Solution File, Format Version 12.00
# Visual Studio Version 17
VisualStudioVersion = 17.13.35731.43 d17.13
MinimumVisualStudioVersion = 10.0.40219.1
Project("{FAE04EC0-301F-11D3-BF4B-00C04F79EFBC}") = "3CXCallogScrapper", "3CXCallogScrapper\3CXCallogScrapper.csproj", "{8889C7DC-B33F-49D3-9EDA-8E65F701E356}"
EndProject
Global
	GlobalSection(SolutionConfigurationPlatforms) = preSolution
		Debug|Any CPU = Debug|Any CPU
		Release|Any CPU = Release|Any CPU
	EndGlobalSection
	GlobalSection(ProjectConfigurationPlatforms) = postSolution
		{8889C7DC-B33F-49D3-9EDA-8E65F701E356}.Debug|Any CPU.ActiveCfg = Debug|Any CPU
		{8889C7DC-B33F-49D3-9EDA-8E65F701E356}.Debug|Any CPU.Build.0 = Debug|Any CPU
		{8889C7DC-B33F-49D3-9EDA-8E65F701E356}.Release|Any CPU.ActiveCfg = Release|Any CPU
		{8889C7DC-B33F-49D3-9EDA-8E65F701E356}.Release|Any CPU.Build.0 = Release|Any CPU
	EndGlobalSection
	GlobalSection(SolutionProperties) = preSolution
		HideSolutionNode = FALSE
	EndGlobalSection
	GlobalSection(ExtensibilityGlobals) = postSolution
		SolutionGuid = {6633248A-165C-44F4-A9EC-AA1B303767E2}
	EndGlobalSection
EndGlobal
